// !$*UTF8*$!
{
	archiveVersion = 1;
	classes = {
	};
	objectVersion = 50;
	objects = {

/* Begin PBXBuildFile section */
		1632975300C982A67B118F62 /* Pods_testTests.framework in Frameworks */ = {isa = PBXBuildFile; fileRef = 603E9E65EF44AD92EF30E637 /* Pods_testTests.framework */; };
		4F7FAC5D2558851700566E05 /* AppDelegate.swift in Sources */ = {isa = PBXBuildFile; fileRef = 4F7FAC5C2558851700566E05 /* AppDelegate.swift */; };
		4F7FAC5F2558851700566E05 /* SceneDelegate.swift in Sources */ = {isa = PBXBuildFile; fileRef = 4F7FAC5E2558851700566E05 /* SceneDelegate.swift */; };
		4F7FAC612558851700566E05 /* ViewController.swift in Sources */ = {isa = PBXBuildFile; fileRef = 4F7FAC602558851700566E05 /* ViewController.swift */; };
		4F7FAC642558851700566E05 /* Main.storyboard in Resources */ = {isa = PBXBuildFile; fileRef = 4F7FAC622558851700566E05 /* Main.storyboard */; };
		4F7FAC662558851700566E05 /* Assets.xcassets in Resources */ = {isa = PBXBuildFile; fileRef = 4F7FAC652558851700566E05 /* Assets.xcassets */; };
		4F7FAC692558851700566E05 /* LaunchScreen.storyboard in Resources */ = {isa = PBXBuildFile; fileRef = 4F7FAC672558851700566E05 /* LaunchScreen.storyboard */; };
		4F7FAC742558851800566E05 /* testTests.swift in Sources */ = {isa = PBXBuildFile; fileRef = 4F7FAC732558851800566E05 /* testTests.swift */; };
		4F7FAC7F2558851800566E05 /* testUITests.swift in Sources */ = {isa = PBXBuildFile; fileRef = 4F7FAC7E2558851800566E05 /* testUITests.swift */; };
		4F7FAC902558866800566E05 /* GoogleService-Info.plist in Resources */ = {isa = PBXBuildFile; fileRef = 4F7FAC8F2558866800566E05 /* GoogleService-Info.plist */; };
		5E65C81F918E68794A4FA116 /* Pods_test_testUITests.framework in Frameworks */ = {isa = PBXBuildFile; fileRef = 621E7706C9625C04ED69CDB7 /* Pods_test_testUITests.framework */; };
		E657CD4D0F90E675EA0BDFE0 /* Pods_test.framework in Frameworks */ = {isa = PBXBuildFile; fileRef = A389CA92F80553855202700C /* Pods_test.framework */; };
/* End PBXBuildFile section */

/* Begin PBXContainerItemProxy section */
		4F7FAC702558851700566E05 /* PBXContainerItemProxy */ = {
			isa = PBXContainerItemProxy;
			containerPortal = 4F7FAC512558851700566E05 /* Project object */;
			proxyType = 1;
			remoteGlobalIDString = 4F7FAC582558851700566E05;
			remoteInfo = test;
		};
		4F7FAC7B2558851800566E05 /* PBXContainerItemProxy */ = {
			isa = PBXContainerItemProxy;
			containerPortal = 4F7FAC512558851700566E05 /* Project object */;
			proxyType = 1;
			remoteGlobalIDString = 4F7FAC582558851700566E05;
			remoteInfo = test;
		};
/* End PBXContainerItemProxy section */

/* Begin PBXFileReference section */
		43AEDB803DDA1A9F3D12A69E /* Pods-test-testUITests.release.xcconfig */ = {isa = PBXFileReference; includeInIndex = 1; lastKnownFileType = text.xcconfig; name = "Pods-test-testUITests.release.xcconfig"; path = "Target Support Files/Pods-test-testUITests/Pods-test-testUITests.release.xcconfig"; sourceTree = "<group>"; };
		4F7FAC592558851700566E05 /* test.app */ = {isa = PBXFileReference; explicitFileType = wrapper.application; includeInIndex = 0; path = test.app; sourceTree = BUILT_PRODUCTS_DIR; };
		4F7FAC5C2558851700566E05 /* AppDelegate.swift */ = {isa = PBXFileReference; lastKnownFileType = sourcecode.swift; path = AppDelegate.swift; sourceTree = "<group>"; };
		4F7FAC5E2558851700566E05 /* SceneDelegate.swift */ = {isa = PBXFileReference; lastKnownFileType = sourcecode.swift; path = SceneDelegate.swift; sourceTree = "<group>"; };
		4F7FAC602558851700566E05 /* ViewController.swift */ = {isa = PBXFileReference; lastKnownFileType = sourcecode.swift; path = ViewController.swift; sourceTree = "<group>"; };
		4F7FAC632558851700566E05 /* Base */ = {isa = PBXFileReference; lastKnownFileType = file.storyboard; name = Base; path = Base.lproj/Main.storyboard; sourceTree = "<group>"; };
		4F7FAC652558851700566E05 /* Assets.xcassets */ = {isa = PBXFileReference; lastKnownFileType = folder.assetcatalog; path = Assets.xcassets; sourceTree = "<group>"; };
		4F7FAC682558851700566E05 /* Base */ = {isa = PBXFileReference; lastKnownFileType = file.storyboard; name = Base; path = Base.lproj/LaunchScreen.storyboard; sourceTree = "<group>"; };
		4F7FAC6A2558851700566E05 /* Info.plist */ = {isa = PBXFileReference; lastKnownFileType = text.plist.xml; path = Info.plist; sourceTree = "<group>"; };
		4F7FAC6F2558851700566E05 /* testTests.xctest */ = {isa = PBXFileReference; explicitFileType = wrapper.cfbundle; includeInIndex = 0; path = testTests.xctest; sourceTree = BUILT_PRODUCTS_DIR; };
		4F7FAC732558851800566E05 /* testTests.swift */ = {isa = PBXFileReference; lastKnownFileType = sourcecode.swift; path = testTests.swift; sourceTree = "<group>"; };
		4F7FAC752558851800566E05 /* Info.plist */ = {isa = PBXFileReference; lastKnownFileType = text.plist.xml; path = Info.plist; sourceTree = "<group>"; };
		4F7FAC7A2558851800566E05 /* testUITests.xctest */ = {isa = PBXFileReference; explicitFileType = wrapper.cfbundle; includeInIndex = 0; path = testUITests.xctest; sourceTree = BUILT_PRODUCTS_DIR; };
		4F7FAC7E2558851800566E05 /* testUITests.swift */ = {isa = PBXFileReference; lastKnownFileType = sourcecode.swift; path = testUITests.swift; sourceTree = "<group>"; };
		4F7FAC802558851800566E05 /* Info.plist */ = {isa = PBXFileReference; lastKnownFileType = text.plist.xml; path = Info.plist; sourceTree = "<group>"; };
		4F7FAC8F2558866800566E05 /* GoogleService-Info.plist */ = {isa = PBXFileReference; fileEncoding = 4; lastKnownFileType = text.plist.xml; name = "GoogleService-Info.plist"; path = "../../../../Downloads/GoogleService-Info.plist"; sourceTree = "<group>"; };
		5064BA72947D78BB71BC80EF /* Pods-test-testUITests.debug.xcconfig */ = {isa = PBXFileReference; includeInIndex = 1; lastKnownFileType = text.xcconfig; name = "Pods-test-testUITests.debug.xcconfig"; path = "Target Support Files/Pods-test-testUITests/Pods-test-testUITests.debug.xcconfig"; sourceTree = "<group>"; };
		603E9E65EF44AD92EF30E637 /* Pods_testTests.framework */ = {isa = PBXFileReference; explicitFileType = wrapper.framework; includeInIndex = 0; path = Pods_testTests.framework; sourceTree = BUILT_PRODUCTS_DIR; };
		621E7706C9625C04ED69CDB7 /* Pods_test_testUITests.framework */ = {isa = PBXFileReference; explicitFileType = wrapper.framework; includeInIndex = 0; path = Pods_test_testUITests.framework; sourceTree = BUILT_PRODUCTS_DIR; };
		9D70D0796FDF8782F2C0E69A /* Pods-test.debug.xcconfig */ = {isa = PBXFileReference; includeInIndex = 1; lastKnownFileType = text.xcconfig; name = "Pods-test.debug.xcconfig"; path = "Target Support Files/Pods-test/Pods-test.debug.xcconfig"; sourceTree = "<group>"; };
		A389CA92F80553855202700C /* Pods_test.framework */ = {isa = PBXFileReference; explicitFileType = wrapper.framework; includeInIndex = 0; path = Pods_test.framework; sourceTree = BUILT_PRODUCTS_DIR; };
		B53FB8CFB5DE42E36E854ED7 /* Pods-testTests.release.xcconfig */ = {isa = PBXFileReference; includeInIndex = 1; lastKnownFileType = text.xcconfig; name = "Pods-testTests.release.xcconfig"; path = "Target Support Files/Pods-testTests/Pods-testTests.release.xcconfig"; sourceTree = "<group>"; };
		CF1928662ED14079B409335C /* Pods-testTests.debug.xcconfig */ = {isa = PBXFileReference; includeInIndex = 1; lastKnownFileType = text.xcconfig; name = "Pods-testTests.debug.xcconfig"; path = "Target Support Files/Pods-testTests/Pods-testTests.debug.xcconfig"; sourceTree = "<group>"; };
		DAE1256DA75A83A514416058 /* Pods-test.release.xcconfig */ = {isa = PBXFileReference; includeInIndex = 1; lastKnownFileType = text.xcconfig; name = "Pods-test.release.xcconfig"; path = "Target Support Files/Pods-test/Pods-test.release.xcconfig"; sourceTree = "<group>"; };
/* End PBXFileReference section */

/* Begin PBXFrameworksBuildPhase section */
		4F7FAC562558851700566E05 /* Frameworks */ = {
			isa = PBXFrameworksBuildPhase;
			buildActionMask = 2147483647;
			files = (
				E657CD4D0F90E675EA0BDFE0 /* Pods_test.framework in Frameworks */,
			);
			runOnlyForDeploymentPostprocessing = 0;
		};
		4F7FAC6C2558851700566E05 /* Frameworks */ = {
			isa = PBXFrameworksBuildPhase;
			buildActionMask = 2147483647;
			files = (
				1632975300C982A67B118F62 /* Pods_testTests.framework in Frameworks */,
			);
			runOnlyForDeploymentPostprocessing = 0;
		};
		4F7FAC772558851800566E05 /* Frameworks */ = {
			isa = PBXFrameworksBuildPhase;
			buildActionMask = 2147483647;
			files = (
				5E65C81F918E68794A4FA116 /* Pods_test_testUITests.framework in Frameworks */,
			);
			runOnlyForDeploymentPostprocessing = 0;
		};
/* End PBXFrameworksBuildPhase section */

/* Begin PBXGroup section */
		090BBC755587A3D6C8CABA0D /* Frameworks */ = {
			isa = PBXGroup;
			children = (
				A389CA92F80553855202700C /* Pods_test.framework */,
				621E7706C9625C04ED69CDB7 /* Pods_test_testUITests.framework */,
				603E9E65EF44AD92EF30E637 /* Pods_testTests.framework */,
			);
			name = Frameworks;
			sourceTree = "<group>";
		};
		4F7FAC502558851700566E05 = {
			isa = PBXGroup;
			children = (
				4F7FAC5B2558851700566E05 /* test */,
				4F7FAC722558851700566E05 /* testTests */,
				4F7FAC7D2558851800566E05 /* testUITests */,
				4F7FAC5A2558851700566E05 /* Products */,
				BE35BB1902007BCCDE2085B6 /* Pods */,
				090BBC755587A3D6C8CABA0D /* Frameworks */,
			);
			sourceTree = "<group>";
		};
		4F7FAC5A2558851700566E05 /* Products */ = {
			isa = PBXGroup;
			children = (
				4F7FAC592558851700566E05 /* test.app */,
				4F7FAC6F2558851700566E05 /* testTests.xctest */,
				4F7FAC7A2558851800566E05 /* testUITests.xctest */,
			);
			name = Products;
			sourceTree = "<group>";
		};
		4F7FAC5B2558851700566E05 /* test */ = {
			isa = PBXGroup;
			children = (
				4F7FAC8F2558866800566E05 /* GoogleService-Info.plist */,
				4F7FAC5C2558851700566E05 /* AppDelegate.swift */,
				4F7FAC5E2558851700566E05 /* SceneDelegate.swift */,
				4F7FAC602558851700566E05 /* ViewController.swift */,
				4F7FAC622558851700566E05 /* Main.storyboard */,
				4F7FAC652558851700566E05 /* Assets.xcassets */,
				4F7FAC672558851700566E05 /* LaunchScreen.storyboard */,
				4F7FAC6A2558851700566E05 /* Info.plist */,
			);
			path = test;
			sourceTree = "<group>";
		};
		4F7FAC722558851700566E05 /* testTests */ = {
			isa = PBXGroup;
			children = (
				4F7FAC732558851800566E05 /* testTests.swift */,
				4F7FAC752558851800566E05 /* Info.plist */,
			);
			path = testTests;
			sourceTree = "<group>";
		};
		4F7FAC7D2558851800566E05 /* testUITests */ = {
			isa = PBXGroup;
			children = (
				4F7FAC7E2558851800566E05 /* testUITests.swift */,
				4F7FAC802558851800566E05 /* Info.plist */,
			);
			path = testUITests;
			sourceTree = "<group>";
		};
		BE35BB1902007BCCDE2085B6 /* Pods */ = {
			isa = PBXGroup;
			children = (
				9D70D0796FDF8782F2C0E69A /* Pods-test.debug.xcconfig */,
				DAE1256DA75A83A514416058 /* Pods-test.release.xcconfig */,
				5064BA72947D78BB71BC80EF /* Pods-test-testUITests.debug.xcconfig */,
				43AEDB803DDA1A9F3D12A69E /* Pods-test-testUITests.release.xcconfig */,
				CF1928662ED14079B409335C /* Pods-testTests.debug.xcconfig */,
				B53FB8CFB5DE42E36E854ED7 /* Pods-testTests.release.xcconfig */,
			);
			name = Pods;
			path = Pods;
			sourceTree = "<group>";
		};
/* End PBXGroup section */

/* Begin PBXNativeTarget section */
		4F7FAC582558851700566E05 /* test */ = {
			isa = PBXNativeTarget;
			buildConfigurationList = 4F7FAC832558851800566E05 /* Build configuration list for PBXNativeTarget "test" */;
			buildPhases = (
				3023B382B7A94F5FCDFC7E54 /* [CP] Check Pods Manifest.lock */,
				4F7FAC552558851700566E05 /* Sources */,
				4F7FAC562558851700566E05 /* Frameworks */,
				4F7FAC572558851700566E05 /* Resources */,
				EC3E75AFEA72FCC34F62AB1A /* [CP] Embed Pods Frameworks */,
			);
			buildRules = (
			);
			dependencies = (
			);
			name = test;
			productName = test;
			productReference = 4F7FAC592558851700566E05 /* test.app */;
			productType = "com.apple.product-type.application";
		};
		4F7FAC6E2558851700566E05 /* testTests */ = {
			isa = PBXNativeTarget;
			buildConfigurationList = 4F7FAC862558851800566E05 /* Build configuration list for PBXNativeTarget "testTests" */;
			buildPhases = (
				CABFD57FB640AB731FFA2F88 /* [CP] Check Pods Manifest.lock */,
				4F7FAC6B2558851700566E05 /* Sources */,
				4F7FAC6C2558851700566E05 /* Frameworks */,
				4F7FAC6D2558851700566E05 /* Resources */,
			);
			buildRules = (
			);
			dependencies = (
				4F7FAC712558851700566E05 /* PBXTargetDependency */,
			);
			name = testTests;
			productName = testTests;
			productReference = 4F7FAC6F2558851700566E05 /* testTests.xctest */;
			productType = "com.apple.product-type.bundle.unit-test";
		};
		4F7FAC792558851800566E05 /* testUITests */ = {
			isa = PBXNativeTarget;
			buildConfigurationList = 4F7FAC892558851800566E05 /* Build configuration list for PBXNativeTarget "testUITests" */;
			buildPhases = (
				5E0D3CF1E5758E1178AFA696 /* [CP] Check Pods Manifest.lock */,
				4F7FAC762558851800566E05 /* Sources */,
				4F7FAC772558851800566E05 /* Frameworks */,
				4F7FAC782558851800566E05 /* Resources */,
				637320A8D9CC4AABF22CF31D /* [CP] Embed Pods Frameworks */,
			);
			buildRules = (
			);
			dependencies = (
				4F7FAC7C2558851800566E05 /* PBXTargetDependency */,
			);
			name = testUITests;
			productName = testUITests;
			productReference = 4F7FAC7A2558851800566E05 /* testUITests.xctest */;
			productType = "com.apple.product-type.bundle.ui-testing";
		};
/* End PBXNativeTarget section */

/* Begin PBXProject section */
		4F7FAC512558851700566E05 /* Project object */ = {
			isa = PBXProject;
			attributes = {
				LastSwiftUpdateCheck = 1210;
				LastUpgradeCheck = 1210;
				TargetAttributes = {
					4F7FAC582558851700566E05 = {
						CreatedOnToolsVersion = 12.1;
					};
					4F7FAC6E2558851700566E05 = {
						CreatedOnToolsVersion = 12.1;
						TestTargetID = 4F7FAC582558851700566E05;
					};
					4F7FAC792558851800566E05 = {
						CreatedOnToolsVersion = 12.1;
						TestTargetID = 4F7FAC582558851700566E05;
					};
				};
			};
			buildConfigurationList = 4F7FAC542558851700566E05 /* Build configuration list for PBXProject "test" */;
			compatibilityVersion = "Xcode 9.3";
			developmentRegion = en;
			hasScannedForEncodings = 0;
			knownRegions = (
				en,
				Base,
			);
			mainGroup = 4F7FAC502558851700566E05;
			productRefGroup = 4F7FAC5A2558851700566E05 /* Products */;
			projectDirPath = "";
			projectRoot = "";
			targets = (
				4F7FAC582558851700566E05 /* test */,
				4F7FAC6E2558851700566E05 /* testTests */,
				4F7FAC792558851800566E05 /* testUITests */,
			);
		};
/* End PBXProject section */

/* Begin PBXResourcesBuildPhase section */
		4F7FAC572558851700566E05 /* Resources */ = {
			isa = PBXResourcesBuildPhase;
			buildActionMask = 2147483647;
			files = (
				4F7FAC692558851700566E05 /* LaunchScreen.storyboard in Resources */,
				4F7FAC902558866800566E05 /* GoogleService-Info.plist in Resources */,
				4F7FAC662558851700566E05 /* Assets.xcassets in Resources */,
				4F7FAC642558851700566E05 /* Main.storyboard in Resources */,
			);
			runOnlyForDeploymentPostprocessing = 0;
		};
		4F7FAC6D2558851700566E05 /* Resources */ = {
			isa = PBXResourcesBuildPhase;
			buildActionMask = 2147483647;
			files = (
			);
			runOnlyForDeploymentPostprocessing = 0;
		};
		4F7FAC782558851800566E05 /* Resources */ = {
			isa = PBXResourcesBuildPhase;
			buildActionMask = 2147483647;
			files = (
			);
			runOnlyForDeploymentPostprocessing = 0;
		};
/* End PBXResourcesBuildPhase section */

/* Begin PBXShellScriptBuildPhase section */
		3023B382B7A94F5FCDFC7E54 /* [CP] Check Pods Manifest.lock */ = {
			isa = PBXShellScriptBuildPhase;
			buildActionMask = 2147483647;
			files = (
			);
			inputFileListPaths = (
			);
			inputPaths = (
				"${PODS_PODFILE_DIR_PATH}/Podfile.lock",
				"${PODS_ROOT}/Manifest.lock",
			);
			name = "[CP] Check Pods Manifest.lock";
			outputFileListPaths = (
			);
			outputPaths = (
				"$(DERIVED_FILE_DIR)/Pods-test-checkManifestLockResult.txt",
			);
			runOnlyForDeploymentPostprocessing = 0;
			shellPath = /bin/sh;
			shellScript = "diff \"${PODS_PODFILE_DIR_PATH}/Podfile.lock\" \"${PODS_ROOT}/Manifest.lock\" > /dev/null\nif [ $? != 0 ] ; then\n    # print error to STDERR\n    echo \"error: The sandbox is not in sync with the Podfile.lock. Run 'pod install' or update your CocoaPods installation.\" >&2\n    exit 1\nfi\n# This output is used by Xcode 'outputs' to avoid re-running this script phase.\necho \"SUCCESS\" > \"${SCRIPT_OUTPUT_FILE_0}\"\n";
			showEnvVarsInLog = 0;
		};
		5E0D3CF1E5758E1178AFA696 /* [CP] Check Pods Manifest.lock */ = {
			isa = PBXShellScriptBuildPhase;
			buildActionMask = 2147483647;
			files = (
			);
			inputFileListPaths = (
			);
			inputPaths = (
				"${PODS_PODFILE_DIR_PATH}/Podfile.lock",
				"${PODS_ROOT}/Manifest.lock",
			);
			name = "[CP] Check Pods Manifest.lock";
			outputFileListPaths = (
			);
			outputPaths = (
				"$(DERIVED_FILE_DIR)/Pods-test-testUITests-checkManifestLockResult.txt",
			);
			runOnlyForDeploymentPostprocessing = 0;
			shellPath = /bin/sh;
			shellScript = "diff \"${PODS_PODFILE_DIR_PATH}/Podfile.lock\" \"${PODS_ROOT}/Manifest.lock\" > /dev/null\nif [ $? != 0 ] ; then\n    # print error to STDERR\n    echo \"error: The sandbox is not in sync with the Podfile.lock. Run 'pod install' or update your CocoaPods installation.\" >&2\n    exit 1\nfi\n# This output is used by Xcode 'outputs' to avoid re-running this script phase.\necho \"SUCCESS\" > \"${SCRIPT_OUTPUT_FILE_0}\"\n";
			showEnvVarsInLog = 0;
		};
		637320A8D9CC4AABF22CF31D /* [CP] Embed Pods Frameworks */ = {
			isa = PBXShellScriptBuildPhase;
			buildActionMask = 2147483647;
			files = (
			);
			inputFileListPaths = (
				"${PODS_ROOT}/Target Support Files/Pods-test-testUITests/Pods-test-testUITests-frameworks-${CONFIGURATION}-input-files.xcfilelist",
			);
			name = "[CP] Embed Pods Frameworks";
			outputFileListPaths = (
				"${PODS_ROOT}/Target Support Files/Pods-test-testUITests/Pods-test-testUITests-frameworks-${CONFIGURATION}-output-files.xcfilelist",
			);
			runOnlyForDeploymentPostprocessing = 0;
			shellPath = /bin/sh;
			shellScript = "\"${PODS_ROOT}/Target Support Files/Pods-test-testUITests/Pods-test-testUITests-frameworks.sh\"\n";
			showEnvVarsInLog = 0;
		};
		CABFD57FB640AB731FFA2F88 /* [CP] Check Pods Manifest.lock */ = {
			isa = PBXShellScriptBuildPhase;
			buildActionMask = 2147483647;
			files = (
			);
			inputFileListPaths = (
			);
			inputPaths = (
				"${PODS_PODFILE_DIR_PATH}/Podfile.lock",
				"${PODS_ROOT}/Manifest.lock",
			);
			name = "[CP] Check Pods Manifest.lock";
			outputFileListPaths = (
			);
			outputPaths = (
				"$(DERIVED_FILE_DIR)/Pods-testTests-checkManifestLockResult.txt",
			);
			runOnlyForDeploymentPostprocessing = 0;
			shellPath = /bin/sh;
			shellScript = "diff \"${PODS_PODFILE_DIR_PATH}/Podfile.lock\" \"${PODS_ROOT}/Manifest.lock\" > /dev/null\nif [ $? != 0 ] ; then\n    # print error to STDERR\n    echo \"error: The sandbox is not in sync with the Podfile.lock. Run 'pod install' or update your CocoaPods installation.\" >&2\n    exit 1\nfi\n# This output is used by Xcode 'outputs' to avoid re-running this script phase.\necho \"SUCCESS\" > \"${SCRIPT_OUTPUT_FILE_0}\"\n";
			showEnvVarsInLog = 0;
		};
		EC3E75AFEA72FCC34F62AB1A /* [CP] Embed Pods Frameworks */ = {
			isa = PBXShellScriptBuildPhase;
			buildActionMask = 2147483647;
			files = (
			);
			inputFileListPaths = (
				"${PODS_ROOT}/Target Support Files/Pods-test/Pods-test-frameworks-${CONFIGURATION}-input-files.xcfilelist",
			);
			name = "[CP] Embed Pods Frameworks";
			outputFileListPaths = (
				"${PODS_ROOT}/Target Support Files/Pods-test/Pods-test-frameworks-${CONFIGURATION}-output-files.xcfilelist",
			);
			runOnlyForDeploymentPostprocessing = 0;
			shellPath = /bin/sh;
			shellScript = "\"${PODS_ROOT}/Target Support Files/Pods-test/Pods-test-frameworks.sh\"\n";
			showEnvVarsInLog = 0;
		};
/* End PBXShellScriptBuildPhase section */

/* Begin PBXSourcesBuildPhase section */
		4F7FAC552558851700566E05 /* Sources */ = {
			isa = PBXSourcesBuildPhase;
			buildActionMask = 2147483647;
			files = (
				4F7FAC612558851700566E05 /* ViewController.swift in Sources */,
				4F7FAC5D2558851700566E05 /* AppDelegate.swift in Sources */,
				4F7FAC5F2558851700566E05 /* SceneDelegate.swift in Sources */,
			);
			runOnlyForDeploymentPostprocessing = 0;
		};
		4F7FAC6B2558851700566E05 /* Sources */ = {
			isa = PBXSourcesBuildPhase;
			buildActionMask = 2147483647;
			files = (
				4F7FAC742558851800566E05 /* testTests.swift in Sources */,
			);
			runOnlyForDeploymentPostprocessing = 0;
		};
		4F7FAC762558851800566E05 /* Sources */ = {
			isa = PBXSourcesBuildPhase;
			buildActionMask = 2147483647;
			files = (
				4F7FAC7F2558851800566E05 /* testUITests.swift in Sources */,
			);
			runOnlyForDeploymentPostprocessing = 0;
		};
/* End PBXSourcesBuildPhase section */

/* Begin PBXTargetDependency section */
		4F7FAC712558851700566E05 /* PBXTargetDependency */ = {
			isa = PBXTargetDependency;
			target = 4F7FAC582558851700566E05 /* test */;
			targetProxy = 4F7FAC702558851700566E05 /* PBXContainerItemProxy */;
		};
		4F7FAC7C2558851800566E05 /* PBXTargetDependency */ = {
			isa = PBXTargetDependency;
			target = 4F7FAC582558851700566E05 /* test */;
			targetProxy = 4F7FAC7B2558851800566E05 /* PBXContainerItemProxy */;
		};
/* End PBXTargetDependency section */

/* Begin PBXVariantGroup section */
		4F7FAC622558851700566E05 /* Main.storyboard */ = {
			isa = PBXVariantGroup;
			children = (
				4F7FAC632558851700566E05 /* Base */,
			);
			name = Main.storyboard;
			sourceTree = "<group>";
		};
		4F7FAC672558851700566E05 /* LaunchScreen.storyboard */ = {
			isa = PBXVariantGroup;
			children = (
				4F7FAC682558851700566E05 /* Base */,
			);
			name = LaunchScreen.storyboard;
			sourceTree = "<group>";
		};
/* End PBXVariantGroup section */

/* Begin XCBuildConfiguration section */
		4F7FAC812558851800566E05 /* Debug */ = {
			isa = XCBuildConfiguration;
			buildSettings = {
				ALWAYS_SEARCH_USER_PATHS = NO;
				CLANG_ANALYZER_NONNULL = YES;
				CLANG_ANALYZER_NUMBER_OBJECT_CONVERSION = YES_AGGRESSIVE;
				CLANG_CXX_LANGUAGE_STANDARD = "gnu++14";
				CLANG_CXX_LIBRARY = "libc++";
				CLANG_ENABLE_MODULES = YES;
				CLANG_ENABLE_OBJC_ARC = YES;
				CLANG_ENABLE_OBJC_WEAK = YES;
				CLANG_WARN_BLOCK_CAPTURE_AUTORELEASING = YES;
				CLANG_WARN_BOOL_CONVERSION = YES;
				CLANG_WARN_COMMA = YES;
				CLANG_WARN_CONSTANT_CONVERSION = YES;
				CLANG_WARN_DEPRECATED_OBJC_IMPLEMENTATIONS = YES;
				CLANG_WARN_DIRECT_OBJC_ISA_USAGE = YES_ERROR;
				CLANG_WARN_DOCUMENTATION_COMMENTS = YES;
				CLANG_WARN_EMPTY_BODY = YES;
				CLANG_WARN_ENUM_CONVERSION = YES;
				CLANG_WARN_INFINITE_RECURSION = YES;
				CLANG_WARN_INT_CONVERSION = YES;
				CLANG_WARN_NON_LITERAL_NULL_CONVERSION = YES;
				CLANG_WARN_OBJC_IMPLICIT_RETAIN_SELF = YES;
				CLANG_WARN_OBJC_LITERAL_CONVERSION = YES;
				CLANG_WARN_OBJC_ROOT_CLASS = YES_ERROR;
				CLANG_WARN_QUOTED_INCLUDE_IN_FRAMEWORK_HEADER = YES;
				CLANG_WARN_RANGE_LOOP_ANALYSIS = YES;
				CLANG_WARN_STRICT_PROTOTYPES = YES;
				CLANG_WARN_SUSPICIOUS_MOVE = YES;
				CLANG_WARN_UNGUARDED_AVAILABILITY = YES_AGGRESSIVE;
				CLANG_WARN_UNREACHABLE_CODE = YES;
				CLANG_WARN__DUPLICATE_METHOD_MATCH = YES;
				COPY_PHASE_STRIP = NO;
				DEBUG_INFORMATION_FORMAT = dwarf;
				ENABLE_STRICT_OBJC_MSGSEND = YES;
				ENABLE_TESTABILITY = YES;
				GCC_C_LANGUAGE_STANDARD = gnu11;
				GCC_DYNAMIC_NO_PIC = NO;
				GCC_NO_COMMON_BLOCKS = YES;
				GCC_OPTIMIZATION_LEVEL = 0;
				GCC_PREPROCESSOR_DEFINITIONS = (
					"DEBUG=1",
					"$(inherited)",
				);
				GCC_WARN_64_TO_32_BIT_CONVERSION = YES;
				GCC_WARN_ABOUT_RETURN_TYPE = YES_ERROR;
				GCC_WARN_UNDECLARED_SELECTOR = YES;
				GCC_WARN_UNINITIALIZED_AUTOS = YES_AGGRESSIVE;
				GCC_WARN_UNUSED_FUNCTION = YES;
				GCC_WARN_UNUSED_VARIABLE = YES;
				IPHONEOS_DEPLOYMENT_TARGET = 14.1;
				MTL_ENABLE_DEBUG_INFO = INCLUDE_SOURCE;
				MTL_FAST_MATH = YES;
				ONLY_ACTIVE_ARCH = YES;
				SDKROOT = iphoneos;
				SWIFT_ACTIVE_COMPILATION_CONDITIONS = DEBUG;
				SWIFT_OPTIMIZATION_LEVEL = "-Onone";
			};
			name = Debug;
		};
		4F7FAC822558851800566E05 /* Release */ = {
			isa = XCBuildConfiguration;
			buildSettings = {
				ALWAYS_SEARCH_USER_PATHS = NO;
				CLANG_ANALYZER_NONNULL = YES;
				CLANG_ANALYZER_NUMBER_OBJECT_CONVERSION = YES_AGGRESSIVE;
				CLANG_CXX_LANGUAGE_STANDARD = "gnu++14";
				CLANG_CXX_LIBRARY = "libc++";
				CLANG_ENABLE_MODULES = YES;
				CLANG_ENABLE_OBJC_ARC = YES;
				CLANG_ENABLE_OBJC_WEAK = YES;
				CLANG_WARN_BLOCK_CAPTURE_AUTORELEASING = YES;
				CLANG_WARN_BOOL_CONVERSION = YES;
				CLANG_WARN_COMMA = YES;
				CLANG_WARN_CONSTANT_CONVERSION = YES;
				CLANG_WARN_DEPRECATED_OBJC_IMPLEMENTATIONS = YES;
				CLANG_WARN_DIRECT_OBJC_ISA_USAGE = YES_ERROR;
				CLANG_WARN_DOCUMENTATION_COMMENTS = YES;
				CLANG_WARN_EMPTY_BODY = YES;
				CLANG_WARN_ENUM_CONVERSION = YES;
				CLANG_WARN_INFINITE_RECURSION = YES;
				CLANG_WARN_INT_CONVERSION = YES;
				CLANG_WARN_NON_LITERAL_NULL_CONVERSION = YES;
				CLANG_WARN_OBJC_IMPLICIT_RETAIN_SELF = YES;
				CLANG_WARN_OBJC_LITERAL_CONVERSION = YES;
				CLANG_WARN_OBJC_ROOT_CLASS = YES_ERROR;
				CLANG_WARN_QUOTED_INCLUDE_IN_FRAMEWORK_HEADER = YES;
				CLANG_WARN_RANGE_LOOP_ANALYSIS = YES;
				CLANG_WARN_STRICT_PROTOTYPES = YES;
				CLANG_WARN_SUSPICIOUS_MOVE = YES;
				CLANG_WARN_UNGUARDED_AVAILABILITY = YES_AGGRESSIVE;
				CLANG_WARN_UNREACHABLE_CODE = YES;
				CLANG_WARN__DUPLICATE_METHOD_MATCH = YES;
				COPY_PHASE_STRIP = NO;
				DEBUG_INFORMATION_FORMAT = "dwarf-with-dsym";
				ENABLE_NS_ASSERTIONS = NO;
				ENABLE_STRICT_OBJC_MSGSEND = YES;
				GCC_C_LANGUAGE_STANDARD = gnu11;
				GCC_NO_COMMON_BLOCKS = YES;
				GCC_WARN_64_TO_32_BIT_CONVERSION = YES;
				GCC_WARN_ABOUT_RETURN_TYPE = YES_ERROR;
				GCC_WARN_UNDECLARED_SELECTOR = YES;
				GCC_WARN_UNINITIALIZED_AUTOS = YES_AGGRESSIVE;
				GCC_WARN_UNUSED_FUNCTION = YES;
				GCC_WARN_UNUSED_VARIABLE = YES;
				IPHONEOS_DEPLOYMENT_TARGET = 14.1;
				MTL_ENABLE_DEBUG_INFO = NO;
				MTL_FAST_MATH = YES;
				SDKROOT = iphoneos;
				SWIFT_COMPILATION_MODE = wholemodule;
				SWIFT_OPTIMIZATION_LEVEL = "-O";
				VALIDATE_PRODUCT = YES;
			};
			name = Release;
		};
		4F7FAC842558851800566E05 /* Debug */ = {
			isa = XCBuildConfiguration;
			baseConfigurationReference = 9D70D0796FDF8782F2C0E69A /* Pods-test.debug.xcconfig */;
			buildSettings = {
				ASSETCATALOG_COMPILER_APPICON_NAME = AppIcon;
				ASSETCATALOG_COMPILER_GLOBAL_ACCENT_COLOR_NAME = AccentColor;
				CODE_SIGN_STYLE = Automatic;
				INFOPLIST_FILE = test/Info.plist;
				LD_RUNPATH_SEARCH_PATHS = (
					"$(inherited)",
					"@executable_path/Frameworks",
				);
				PRODUCT_BUNDLE_IDENTIFIER = test.test;
				PRODUCT_NAME = "$(TARGET_NAME)";
				SWIFT_VERSION = 5.0;
				TARGETED_DEVICE_FAMILY = "1,2";
			};
			name = Debug;
		};
		4F7FAC852558851800566E05 /* Release */ = {
			isa = XCBuildConfiguration;
			baseConfigurationReference = DAE1256DA75A83A514416058 /* Pods-test.release.xcconfig */;
			buildSettings = {
				ASSETCATALOG_COMPILER_APPICON_NAME = AppIcon;
				ASSETCATALOG_COMPILER_GLOBAL_ACCENT_COLOR_NAME = AccentColor;
				CODE_SIGN_STYLE = Automatic;
				INFOPLIST_FILE = test/Info.plist;
				LD_RUNPATH_SEARCH_PATHS = (
					"$(inherited)",
					"@executable_path/Frameworks",
				);
				PRODUCT_BUNDLE_IDENTIFIER = test.test;
				PRODUCT_NAME = "$(TARGET_NAME)";
				SWIFT_VERSION = 5.0;
				TARGETED_DEVICE_FAMILY = "1,2";
			};
			name = Release;
		};
		4F7FAC872558851800566E05 /* Debug */ = {
			isa = XCBuildConfiguration;
			baseConfigurationReference = CF1928662ED14079B409335C /* Pods-testTests.debug.xcconfig */;
			buildSettings = {
				ALWAYS_EMBED_SWIFT_STANDARD_LIBRARIES = YES;
				BUNDLE_LOADER = "$(TEST_HOST)";
				CODE_SIGN_STYLE = Automatic;
				INFOPLIST_FILE = testTests/Info.plist;
				IPHONEOS_DEPLOYMENT_TARGET = 14.1;
				LD_RUNPATH_SEARCH_PATHS = (
					"$(inherited)",
					"@executable_path/Frameworks",
					"@loader_path/Frameworks",
				);
				PRODUCT_BUNDLE_IDENTIFIER = test.testTests;
				PRODUCT_NAME = "$(TARGET_NAME)";
				SWIFT_VERSION = 5.0;
				TARGETED_DEVICE_FAMILY = "1,2";
				TEST_HOST = "$(BUILT_PRODUCTS_DIR)/test.app/test";
			};
			name = Debug;
		};
		4F7FAC882558851800566E05 /* Release */ = {
			isa = XCBuildConfiguration;
			baseConfigurationReference = B53FB8CFB5DE42E36E854ED7 /* Pods-testTests.release.xcconfig */;
			buildSettings = {
				ALWAYS_EMBED_SWIFT_STANDARD_LIBRARIES = YES;
				BUNDLE_LOADER = "$(TEST_HOST)";
				CODE_SIGN_STYLE = Automatic;
				INFOPLIST_FILE = testTests/Info.plist;
				IPHONEOS_DEPLOYMENT_TARGET = 14.1;
				LD_RUNPATH_SEARCH_PATHS = (
					"$(inherited)",
					"@executable_path/Frameworks",
					"@loader_path/Frameworks",
				);
				PRODUCT_BUNDLE_IDENTIFIER = test.testTests;
				PRODUCT_NAME = "$(TARGET_NAME)";
				SWIFT_VERSION = 5.0;
				TARGETED_DEVICE_FAMILY = "1,2";
				TEST_HOST = "$(BUILT_PRODUCTS_DIR)/test.app/test";
			};
			name = Release;
		};
		4F7FAC8A2558851800566E05 /* Debug */ = {
			isa = XCBuildConfiguration;
			baseConfigurationReference = 5064BA72947D78BB71BC80EF /* Pods-test-testUITests.debug.xcconfig */;
			buildSettings = {
				ALWAYS_EMBED_SWIFT_STANDARD_LIBRARIES = YES;
				CODE_SIGN_STYLE = Automatic;
				INFOPLIST_FILE = testUITests/Info.plist;
				LD_RUNPATH_SEARCH_PATHS = (
					"$(inherited)",
					"@executable_path/Frameworks",
					"@loader_path/Frameworks",
				);
				PRODUCT_BUNDLE_IDENTIFIER = test.testUITests;
				PRODUCT_NAME = "$(TARGET_NAME)";
				SWIFT_VERSION = 5.0;
				TARGETED_DEVICE_FAMILY = "1,2";
				TEST_TARGET_NAME = test;
			};
			name = Debug;
		};
		4F7FAC8B2558851800566E05 /* Release */ = {
			isa = XCBuildConfiguration;
			baseConfigurationReference = 43AEDB803DDA1A9F3D12A69E /* Pods-test-testUITests.release.xcconfig */;
			buildSettings = {
				ALWAYS_EMBED_SWIFT_STANDARD_LIBRARIES = YES;
				CODE_SIGN_STYLE = Automatic;
				INFOPLIST_FILE = testUITests/Info.plist;
				LD_RUNPATH_SEARCH_PATHS = (
					"$(inherited)",
					"@executable_path/Frameworks",
					"@loader_path/Frameworks",
				);
				PRODUCT_BUNDLE_IDENTIFIER = test.testUITests;
				PRODUCT_NAME = "$(TARGET_NAME)";
				SWIFT_VERSION = 5.0;
				TARGETED_DEVICE_FAMILY = "1,2";
				TEST_TARGET_NAME = test;
			};
			name = Release;
		};
/* End XCBuildConfiguration section */

/* Begin XCConfigurationList section */
		4F7FAC542558851700566E05 /* Build configuration list for PBXProject "test" */ = {
			isa = XCConfigurationList;
			buildConfigurations = (
				4F7FAC812558851800566E05 /* Debug */,
				4F7FAC822558851800566E05 /* Release */,
			);
			defaultConfigurationIsVisible = 0;
			defaultConfigurationName = Release;
		};
		4F7FAC832558851800566E05 /* Build configuration list for PBXNativeTarget "test" */ = {
			isa = XCConfigurationList;
			buildConfigurations = (
				4F7FAC842558851800566E05 /* Debug */,
				4F7FAC852558851800566E05 /* Release */,
			);
			defaultConfigurationIsVisible = 0;
			defaultConfigurationName = Release;
		};
		4F7FAC862558851800566E05 /* Build configuration list for PBXNativeTarget "testTests" */ = {
			isa = XCConfigurationList;
			buildConfigurations = (
				4F7FAC872558851800566E05 /* Debug */,
				4F7FAC882558851800566E05 /* Release */,
			);
			defaultConfigurationIsVisible = 0;
			defaultConfigurationName = Release;
		};
		4F7FAC892558851800566E05 /* Build configuration list for PBXNativeTarget "testUITests" */ = {
			isa = XCConfigurationList;
			buildConfigurations = (
				4F7FAC8A2558851800566E05 /* Debug */,
				4F7FAC8B2558851800566E05 /* Release */,
			);
			defaultConfigurationIsVisible = 0;
			defaultConfigurationName = Release;
		};
/* End XCConfigurationList section */
	};
	rootObject = 4F7FAC512558851700566E05 /* Project object */;
}
